
Microsoft Visual Studio Solution File, Format Version 12.00
# Visual Studio 15
VisualStudioVersion = 15.0.27130.2026
MinimumVisualStudioVersion = 10.0.40219.1
Project("{2150E333-8FDC-42A3-9474-1A3956D46DE8}") = "01 kintamieji", "01 kintamieji", "{941B9A80-A196-425D-93C9-CE967330AE48}"
EndProject
Project("{FAE04EC0-301F-11D3-BF4B-00C04F79EFBC}") = "01-1", "01-1\01-1.csproj", "{335D71DC-9896-4513-B5E2-CE781C1BA286}"
EndProject
Project("{2150E333-8FDC-42A3-9474-1A3956D46DE8}") = "02 isvedimai", "02 isvedimai", "{1EC1DBBF-2B5D-48BC-9A6E-485372E3AC0B}"
EndProject
Project("{FAE04EC0-301F-11D3-BF4B-00C04F79EFBC}") = "ConsoleApp1", "ConsoleApp1\ConsoleApp1.csproj", "{C24F5CD3-C504-46FA-A27A-8DD5DC422586}"
EndProject
Project("{FAE04EC0-301F-11D3-BF4B-00C04F79EFBC}") = "02-2 uzduotis", "02-2 uzduotis\02-2 uzduotis.csproj", "{9F3FC234-EBC7-403A-B42B-0A619C3AF1E1}"
EndProject
Project("{FAE04EC0-301F-11D3-BF4B-00C04F79EFBC}") = "02-3 uzduotis", "02-3 uzduotis\02-3 uzduotis.csproj", "{F302B55E-FABD-41DA-806C-E6BB5658500D}"
EndProject
Project("{FAE04EC0-301F-11D3-BF4B-00C04F79EFBC}") = "02-4 uzduotis", "02-4 uzduotis\02-4 uzduotis.csproj", "{B43A893D-F50B-4C1C-B9E4-EC459D3C0358}"
EndProject
Project("{FAE04EC0-301F-11D3-BF4B-00C04F79EFBC}") = "02-5 uzduotis", "02-5 uzduotis\02-5 uzduotis.csproj", "{647C9EEA-57E0-4F25-AC34-9ED800D2C836}"
EndProject
Project("{FAE04EC0-301F-11D3-BF4B-00C04F79EFBC}") = "02-5", "02-5\02-5.csproj", "{17CD87FA-4EDF-40E9-95B6-E725E3EFFFAB}"
EndProject
Project("{FAE04EC0-301F-11D3-BF4B-00C04F79EFBC}") = "Aritmetiniai veiksmai", "Aritmetiniai veiksmai\Aritmetiniai veiksmai.csproj", "{06DF9D3C-9C09-4482-AA1C-C2BDFF759497}"
EndProject
Project("{2150E333-8FDC-42A3-9474-1A3956D46DE8}") = "03 aritmetiniai veiksmai", "03 aritmetiniai veiksmai", "{689FD0F0-F09C-47E3-B1F1-25A7A2935A38}"
EndProject
Project("{FAE04EC0-301F-11D3-BF4B-00C04F79EFBC}") = "03-1 uzduotis", "03-1 uzduotis\03-1 uzduotis.csproj", "{3133BD33-7770-4586-AD0F-5AA85E1E7A46}"
EndProject
Project("{FAE04EC0-301F-11D3-BF4B-00C04F79EFBC}") = "03-2", "03-2\03-2.csproj", "{BDEE4D40-0C91-4455-B3C6-3701B07A8197}"
EndProject
Project("{FAE04EC0-301F-11D3-BF4B-00C04F79EFBC}") = "03-3 uzduotis", "03-3 uzduotis\03-3 uzduotis.csproj", "{B4510C6E-BA5B-42EE-8DA6-0EBD8D967877}"
EndProject
Project("{FAE04EC0-301F-11D3-BF4B-00C04F79EFBC}") = "03-4 uzduotis", "03-4 uzduotis\03-4 uzduotis.csproj", "{B59DFBF1-7F3D-460A-955E-E0F31604BDE2}"
EndProject
Project("{FAE04EC0-301F-11D3-BF4B-00C04F79EFBC}") = "03-5", "03-5\03-5.csproj", "{D510FC8A-B7E0-4FD0-BB9D-C0EB58201690}"
EndProject
Project("{FAE04EC0-301F-11D3-BF4B-00C04F79EFBC}") = "03-6", "03-6\03-6.csproj", "{B320C89F-AC88-4550-9EC0-1BC776681473}"
EndProject
Project("{2150E333-8FDC-42A3-9474-1A3956D46DE8}") = "04 ivedimai", "04 ivedimai", "{E5F21E07-0B2C-4468-8051-B44D9CBA5839}"
EndProject
Project("{FAE04EC0-301F-11D3-BF4B-00C04F79EFBC}") = "04-1 uzduotis", "04-1 uzduotis\04-1 uzduotis.csproj", "{2FDDAA81-BCE3-4A6C-982C-B3A1E5B60140}"
EndProject
Project("{FAE04EC0-301F-11D3-BF4B-00C04F79EFBC}") = "02-6 uzduotis", "02-6 uzduotis\02-6 uzduotis.csproj", "{4F5590FD-4470-49AF-90A4-4050BD19E3C2}"
EndProject
Project("{2150E333-8FDC-42A3-9474-1A3956D46DE8}") = "08 Ciklas For", "08 Ciklas For", "{2C3317E9-AD9C-4DB3-B924-DE209DBA7A47}"
EndProject
Project("{FAE04EC0-301F-11D3-BF4B-00C04F79EFBC}") = "8-1  ciklas_for", "11-1  ciklas_for\8-1  ciklas_for.csproj", "{A958953E-F3BC-4136-82DA-C4291FC0F309}"
EndProject
Project("{FAE04EC0-301F-11D3-BF4B-00C04F79EFBC}") = "8-1 uzd", "11-1 uzd\8-1 uzd.csproj", "{11792F5A-3CDC-4620-9FF0-1E8DDD242031}"
EndProject
Project("{FAE04EC0-301F-11D3-BF4B-00C04F79EFBC}") = "8-2 uzd", "11-2 uzd\8-2 uzd.csproj", "{C648D464-4D37-41A9-AC67-AF9C912E8042}"
EndProject
Project("{FAE04EC0-301F-11D3-BF4B-00C04F79EFBC}") = "8-3 uzd", "11-3 uzd\8-3 uzd.csproj", "{95CC7205-6D46-4261-9973-9CCBCBE80D1A}"
EndProject
Project("{FAE04EC0-301F-11D3-BF4B-00C04F79EFBC}") = "8-4 uzd", "11-4 uzd\8-4 uzd.csproj", "{EF738290-30AA-419B-9D07-67DED675229F}"
EndProject
Project("{FAE04EC0-301F-11D3-BF4B-00C04F79EFBC}") = "8-5 uzd", "11-5 uzd\8-5 uzd.csproj", "{48225321-4293-47BA-BC18-D5D690A3DCC1}"
EndProject
Project("{FAE04EC0-301F-11D3-BF4B-00C04F79EFBC}") = "8-7 uzd", "11-7 uzd\8-7 uzd.csproj", "{D9701B8A-BDCE-4893-9BD0-8221A8C93AF8}"
EndProject
Project("{FAE04EC0-301F-11D3-BF4B-00C04F79EFBC}") = "sumos paieska", "sumos paieska\sumos paieska.csproj", "{9965C61A-80E7-42FA-9762-156C79A8AC10}"
EndProject
Project("{FAE04EC0-301F-11D3-BF4B-00C04F79EFBC}") = "8-9 uzd", "11-9 uzd\8-9 uzd.csproj", "{F1755152-712E-4695-8F70-503E97A5AD5F}"
EndProject
Project("{FAE04EC0-301F-11D3-BF4B-00C04F79EFBC}") = "8-10 uzd", "11-10 uzd\8-10 uzd.csproj", "{A58643F3-0D87-4626-A7F1-5C34E0810958}"
EndProject
Project("{2150E333-8FDC-42A3-9474-1A3956D46DE8}") = "05 IF salyga", "05 IF salyga", "{CFE3DC13-8887-4609-B9D3-23E858A68D06}"
EndProject
Project("{FAE04EC0-301F-11D3-BF4B-00C04F79EFBC}") = "pavyzdziia", "pavyzdziia\pavyzdziia.csproj", "{B8240309-59FC-41FC-BD5A-5C0CDF98F948}"
EndProject
Project("{2150E333-8FDC-42A3-9474-1A3956D46DE8}") = "09 Ciklas While", "09 Ciklas While", "{BBDF78E7-BAE1-4FEB-BF77-0119E4C5217F}"
EndProject
Project("{FAE04EC0-301F-11D3-BF4B-00C04F79EFBC}") = "12-1 pav", "12-1 pav\12-1 pav.csproj", "{8578E757-256E-445E-B021-8286F0CF9912}"
EndProject
Project("{FAE04EC0-301F-11D3-BF4B-00C04F79EFBC}") = "12-1 uzd", "12-1 uzd\12-1 uzd.csproj", "{D23512BD-431C-4056-AA7E-CF97480B5E20}"
EndProject
Project("{FAE04EC0-301F-11D3-BF4B-00C04F79EFBC}") = "12-2 uzd", "12-2 uzd\12-2 uzd.csproj", "{86A3AF02-3C58-4CB0-BEB1-2DB16770AB5B}"
EndProject
Project("{FAE04EC0-301F-11D3-BF4B-00C04F79EFBC}") = "12-3 uzd", "12-3 uzd\12-3 uzd.csproj", "{C7B3C07C-1FA6-4840-A01C-8133F667DA2A}"
EndProject
Project("{FAE04EC0-301F-11D3-BF4B-00C04F79EFBC}") = "12-4 uzd", "12-4 uzd\12-4 uzd.csproj", "{F5C0B630-2172-42B2-8B2F-4005BBB6B17E}"
EndProject
Project("{FAE04EC0-301F-11D3-BF4B-00C04F79EFBC}") = "12-5 uzd", "12-5 uzd\12-5 uzd.csproj", "{F5F5FC49-BCDC-48B6-B9EF-3A90BF212D66}"
EndProject
Project("{FAE04EC0-301F-11D3-BF4B-00C04F79EFBC}") = "12-6 uzd", "12-6 uzd\12-6 uzd.csproj", "{313CD745-6AD7-411C-BE20-A4A0E0A4ABB3}"
EndProject
Project("{FAE04EC0-301F-11D3-BF4B-00C04F79EFBC}") = "T-1", "T-1\T-1.csproj", "{AC302953-6F0B-4F63-AD8A-15EB91A29904}"
EndProject
Project("{FAE04EC0-301F-11D3-BF4B-00C04F79EFBC}") = "T-2", "T-2\T-2.csproj", "{A74CAEB1-1DF0-4352-8BF5-E56923DF52F9}"
EndProject
Project("{FAE04EC0-301F-11D3-BF4B-00C04F79EFBC}") = "T-3", "T-3\T-3.csproj", "{4D03E2E0-7990-469E-99D8-A2BE7A1304A1}"
EndProject
Project("{FAE04EC0-301F-11D3-BF4B-00C04F79EFBC}") = "05-1 uzd", "05-1\05-1 uzd.csproj", "{24971ABF-B3D5-4D14-B25A-C89EC2380282}"
EndProject
Project("{FAE04EC0-301F-11D3-BF4B-00C04F79EFBC}") = "05-2 uzd", "05-2 uzd\05-2 uzd.csproj", "{8E9C9A46-E219-4827-B3D1-40572C4B6516}"
EndProject
Project("{FAE04EC0-301F-11D3-BF4B-00C04F79EFBC}") = "05-3 uzd", "05-3 uzd\05-3 uzd.csproj", "{909C06A5-0E61-4D01-B20C-91B329D95BC4}"
EndProject
Project("{FAE04EC0-301F-11D3-BF4B-00C04F79EFBC}") = "05-4", "05-4\05-4.csproj", "{48C16C88-87F8-4C83-80A4-2BFD9B2A7CE9}"
EndProject
Project("{2150E333-8FDC-42A3-9474-1A3956D46DE8}") = "06 else if", "06 else if", "{96A92DAF-5DB1-41D0-AA4E-B721FF3A595D}"
EndProject
Project("{2150E333-8FDC-42A3-9474-1A3956D46DE8}") = "07 switch", "07 switch", "{BE26E0E5-5AD3-45BD-B9DD-BCD2A6B40FD4}"
EndProject
Project("{FAE04EC0-301F-11D3-BF4B-00C04F79EFBC}") = "9-7 zaidimas", "9-7 zaidimas\9-7 zaidimas.csproj", "{14B3FFFA-F34C-4E41-9789-9C4162125F5E}"
EndProject
Project("{2150E333-8FDC-42A3-9474-1A3956D46DE8}") = "10 ciklas do while", "10 ciklas do while", "{8D3AE76B-4913-421A-8DFE-13D278BBDC67}"
EndProject
Project("{FAE04EC0-301F-11D3-BF4B-00C04F79EFBC}") = "10-1 uzd", "10-1 uzd\10-1 uzd.csproj", "{386E4799-A6EF-48F3-9F8C-90636B6DE30E}"
EndProject
Project("{2150E333-8FDC-42A3-9474-1A3956D46DE8}") = "Tarpines uzduotis", "Tarpines uzduotis", "{F1E147C9-9E4A-4907-A675-2C46EA905F67}"
EndProject
Project("{FAE04EC0-301F-11D3-BF4B-00C04F79EFBC}") = "1-1 uzd", "1-1 uzd\1-1 uzd.csproj", "{704A4FE4-2A80-4297-966E-A147E0565B5C}"
EndProject
Project("{FAE04EC0-301F-11D3-BF4B-00C04F79EFBC}") = "1-2", "1-2\1-2.csproj", "{F1C94989-2A15-403D-B786-2D565A8D47C2}"
EndProject
Project("{FAE04EC0-301F-11D3-BF4B-00C04F79EFBC}") = "1-3", "1-3\1-3.csproj", "{91071BF3-CDE8-418A-9444-92DAD3E5F74F}"
EndProject
Project("{2150E333-8FDC-42A3-9474-1A3956D46DE8}") = "11 masyvas", "11 masyvas", "{34A3FB50-263D-428A-961A-09F4B30F7BC9}"
EndProject
Project("{FAE04EC0-301F-11D3-BF4B-00C04F79EFBC}") = "11-1", "11-1\11-1.csproj", "{182617F3-4B99-48FF-B84F-7C5D426EE62B}"
EndProject
Project("{FAE04EC0-301F-11D3-BF4B-00C04F79EFBC}") = "1-4", "1-4\1-4.csproj", "{D9CC0F8A-6CED-4031-8F12-5B4D117262B6}"
EndProject
Project("{FAE04EC0-301F-11D3-BF4B-00C04F79EFBC}") = "1-5", "1-5\1-5.csproj", "{48466478-840C-4ABF-A912-5028800C62DE}"
EndProject
Project("{FAE04EC0-301F-11D3-BF4B-00C04F79EFBC}") = "06-1", "06-1\06-1.csproj", "{8C2823CF-C647-41AA-A2EE-CFA6BE18B2E8}"
EndProject
Project("{FAE04EC0-301F-11D3-BF4B-00C04F79EFBC}") = "1-6 for ciklas", "1-6 for ciklas\1-6 for ciklas.csproj", "{1C461400-B5FB-442C-BED8-1DF9F3F1D349}"
EndProject
Project("{FAE04EC0-301F-11D3-BF4B-00C04F79EFBC}") = "8-6", "11-6\8-6.csproj", "{C3226599-7F6F-4016-8D11-96DE5CFEFA49}"
EndProject
Project("{FAE04EC0-301F-11D3-BF4B-00C04F79EFBC}") = "8-8", "11-8\8-8.csproj", "{25BC3F1F-96BC-4391-82A6-7D57A30CE939}"
EndProject
Project("{FAE04EC0-301F-11D3-BF4B-00C04F79EFBC}") = "8-9", "11-9\8-9.csproj", "{9B83C6C7-8D7D-4088-B6C8-393076DE6E5E}"
EndProject
Project("{FAE04EC0-301F-11D3-BF4B-00C04F79EFBC}") = "8-10", "11-10\8-10.csproj", "{79E5E951-E326-4BD0-8497-3C06D3155037}"
EndProject
Project("{FAE04EC0-301F-11D3-BF4B-00C04F79EFBC}") = "pav - 1", "pav - 1\pav - 1.csproj", "{0E9059F5-A50B-47B2-9057-C707C9E92BCE}"
EndProject
Project("{2150E333-8FDC-42A3-9474-1A3956D46DE8}") = "KARTOJIMAS", "KARTOJIMAS", "{C5246646-C44F-4C54-AA4E-05485B07B068}"
EndProject
Project("{FAE04EC0-301F-11D3-BF4B-00C04F79EFBC}") = "k-1", "k-1\k-1.csproj", "{632FFE34-8BCA-47F7-AF43-4B9C45A132D6}"
EndProject
Project("{FAE04EC0-301F-11D3-BF4B-00C04F79EFBC}") = "k-2", "k-2\k-2.csproj", "{830033B8-5C6B-45C8-953E-1EEF0B8FC086}"
EndProject
Project("{FAE04EC0-301F-11D3-BF4B-00C04F79EFBC}") = "k-3", "k-3\k-3.csproj", "{4DC55A0A-FE54-4DFF-9E44-529FCD08D926}"
EndProject
Project("{2150E333-8FDC-42A3-9474-1A3956D46DE8}") = "13 sarasai", "13 sarasai", "{FE0CB943-5972-4088-BF09-E1FA3A46C21A}"
EndProject
Project("{FAE04EC0-301F-11D3-BF4B-00C04F79EFBC}") = "12-1 pvz", "12-1 pvz\12-1 pvz.csproj", "{5C8265CA-010E-45FD-BFAB-B1E9E05FC6FC}"
EndProject
Project("{FAE04EC0-301F-11D3-BF4B-00C04F79EFBC}") = "12-2 pvz", "12-2 pvz\12-2 pvz.csproj", "{C4C14B5B-91DF-4878-88CC-73E92D688571}"
EndProject
Project("{2150E333-8FDC-42A3-9474-1A3956D46DE8}") = "Random", "Random", "{15424BCF-1D66-4EF4-99A9-E41C3133D0BA}"
EndProject
Project("{FAE04EC0-301F-11D3-BF4B-00C04F79EFBC}") = "r-1", "r-1\r-1.csproj", "{4C51581A-7CE6-473C-B5B8-A6EF6D5CDEC5}"
EndProject
Project("{2150E333-8FDC-42A3-9474-1A3956D46DE8}") = "12 Algoritmas", "12 Algoritmas", "{50B83BC7-4311-49FE-AD49-56FD6AE5777C}"
EndProject
Project("{2150E333-8FDC-42A3-9474-1A3956D46DE8}") = "14 metodai", "14 metodai", "{8B990D04-3A0E-40EE-8A2F-A692D7F3BBB1}"
EndProject
Project("{FAE04EC0-301F-11D3-BF4B-00C04F79EFBC}") = "14-1 pvz", "14-1\14-1 pvz.csproj", "{310B290D-592B-4D6B-90F9-CC8E1946CF3D}"
EndProject
Project("{FAE04EC0-301F-11D3-BF4B-00C04F79EFBC}") = "14-2 pvz", "14-2 pav\14-2 pvz.csproj", "{78CC0110-63C7-4642-A6F4-278127A6F7E9}"
EndProject
Project("{FAE04EC0-301F-11D3-BF4B-00C04F79EFBC}") = "14-3 pvz", "14-3 pvz\14-3 pvz.csproj", "{0DE146E2-275A-41B2-BEC4-33B2611AC392}"
EndProject
Project("{FAE04EC0-301F-11D3-BF4B-00C04F79EFBC}") = "11-1.1 uzd", "11-1.1 uzd\11-1.1 uzd.csproj", "{A168082B-F850-4221-AAC1-3E4D05A0FEA6}"
EndProject
Project("{FAE04EC0-301F-11D3-BF4B-00C04F79EFBC}") = "11-1.2 uzd", "11-1.2 uzd\11-1.2 uzd.csproj", "{56E08C13-6A95-4D9B-8270-C004F693DD34}"
EndProject
Project("{FAE04EC0-301F-11D3-BF4B-00C04F79EFBC}") = "11-1.3 uzd", "11-1.3 uzd\11-1.3 uzd.csproj", "{1CB32A1F-C2D5-4CF4-827B-ECBBF1D4BD60}"
EndProject
Project("{FAE04EC0-301F-11D3-BF4B-00C04F79EFBC}") = "11-1.4", "11-1.4\11-1.4.csproj", "{AC54C2E7-F8B8-4A78-A1E7-23A872783F3A}"
EndProject
Project("{FAE04EC0-301F-11D3-BF4B-00C04F79EFBC}") = "13-1 uzd", "13-1 uzd\13-1 uzd.csproj", "{591F63CA-F648-4EF6-A015-7D8C540C0C79}"
EndProject
Project("{FAE04EC0-301F-11D3-BF4B-00C04F79EFBC}") = "13-2 uzd", "13-2 uzd\13-2 uzd.csproj", "{83133F33-2EFF-4F17-8390-22082266ED10}"
EndProject
Project("{FAE04EC0-301F-11D3-BF4B-00C04F79EFBC}") = "pav - 2", "pav - 2\pav - 2.csproj", "{969A8298-13E6-4752-A3CF-956B22B981FE}"
EndProject
Project("{FAE04EC0-301F-11D3-BF4B-00C04F79EFBC}") = "k-4", "k-4\k-4.csproj", "{17227F06-6F85-4270-9773-20F5FABD0FD7}"
EndProject
Project("{FAE04EC0-301F-11D3-BF4B-00C04F79EFBC}") = "14-0 pvz", "14-0 pvz\14-0 pvz.csproj", "{E1AB8D48-080B-4002-BF1B-7A2B30669B54}"
EndProject
Project("{2150E333-8FDC-42A3-9474-1A3956D46DE8}") = "15 klases", "15 klases", "{6E4B6F53-E3E6-48D2-AB05-65DBDAC3237D}"
EndProject
Project("{FAE04EC0-301F-11D3-BF4B-00C04F79EFBC}") = "15-1", "15-1\15-1.csproj", "{86E179C1-3379-4EBE-A501-E6AC3F6FAB04}"
EndProject
Project("{FAE04EC0-301F-11D3-BF4B-00C04F79EFBC}") = "15-2 seima", "15-2 seima\15-2 seima.csproj", "{0E448B14-92F6-4DE4-A87B-3B838ACB066F}"
EndProject
Project("{FAE04EC0-301F-11D3-BF4B-00C04F79EFBC}") = "garazas", "garazas\garazas.csproj", "{BDE6AFF8-6B25-463D-B280-30C892F3F5FB}"
EndProject
Project("{2150E333-8FDC-42A3-9474-1A3956D46DE8}") = "_siukslynas", "_siukslynas", "{01F57B54-15A5-4B8F-AE48-14AFD7A0ADCD}"
EndProject
Project("{FAE04EC0-301F-11D3-BF4B-00C04F79EFBC}") = "1 metodai", "1\1 metodai.csproj", "{FFBE55D8-3884-46FF-B8C5-B4DCAC0B0B2F}"
EndProject
Project("{FAE04EC0-301F-11D3-BF4B-00C04F79EFBC}") = "15-3 pvz", "15-3 pvz\15-3 pvz.csproj", "{71049F42-3422-40F7-9DCE-1E9B69F7E549}"
EndProject
Project("{2150E333-8FDC-42A3-9474-1A3956D46DE8}") = "16 GUI", "16 GUI", "{E56C7A3F-3832-4B1B-9BF1-D1D95234BF61}"
EndProject
Project("{FAE04EC0-301F-11D3-BF4B-00C04F79EFBC}") = "16-1 pradmenys", "16-1 pradmenys\16-1 pradmenys.csproj", "{300D6FEF-4B41-4F61-A7BC-239436235C27}"
EndProject
Project("{FAE04EC0-301F-11D3-BF4B-00C04F79EFBC}") = "16-2 uzduotis", "16-2 uzduotis\16-2 uzduotis.csproj", "{89BB47A3-AD88-4AC1-8330-88A61E14519F}"
EndProject
Project("{FAE04EC0-301F-11D3-BF4B-00C04F79EFBC}") = "16-3 pvz", "16-3 pvz\16-3 pvz.csproj", "{C84B5662-7089-45F5-974D-A8383BE40C4C}"
EndProject
Project("{FAE04EC0-301F-11D3-BF4B-00C04F79EFBC}") = "16-4 telefonai", "16-4 telefonai\16-4 telefonai.csproj", "{0F0244E4-6053-4CE1-88F5-9AEAB8963E18}"
EndProject
Project("{2150E333-8FDC-42A3-9474-1A3956D46DE8}") = "Kontrolinins", "Kontrolinins", "{1D0F9357-A542-4136-86C8-8AC0A28658F8}"
EndProject
Project("{FAE04EC0-301F-11D3-BF4B-00C04F79EFBC}") = "GUI_uzduotis", "GUI_uzduotis\GUI_uzduotis.csproj", "{76E51D77-6A33-4651-A507-65260907839F}"
EndProject
Global
	GlobalSection(SolutionConfigurationPlatforms) = preSolution
		Debug|Any CPU = Debug|Any CPU
		Release|Any CPU = Release|Any CPU
	EndGlobalSection
	GlobalSection(ProjectConfigurationPlatforms) = postSolution
		{335D71DC-9896-4513-B5E2-CE781C1BA286}.Debug|Any CPU.ActiveCfg = Debug|Any CPU
		{335D71DC-9896-4513-B5E2-CE781C1BA286}.Debug|Any CPU.Build.0 = Debug|Any CPU
		{335D71DC-9896-4513-B5E2-CE781C1BA286}.Release|Any CPU.ActiveCfg = Release|Any CPU
		{335D71DC-9896-4513-B5E2-CE781C1BA286}.Release|Any CPU.Build.0 = Release|Any CPU
		{C24F5CD3-C504-46FA-A27A-8DD5DC422586}.Debug|Any CPU.ActiveCfg = Debug|Any CPU
		{C24F5CD3-C504-46FA-A27A-8DD5DC422586}.Debug|Any CPU.Build.0 = Debug|Any CPU
		{C24F5CD3-C504-46FA-A27A-8DD5DC422586}.Release|Any CPU.ActiveCfg = Release|Any CPU
		{C24F5CD3-C504-46FA-A27A-8DD5DC422586}.Release|Any CPU.Build.0 = Release|Any CPU
		{9F3FC234-EBC7-403A-B42B-0A619C3AF1E1}.Debug|Any CPU.ActiveCfg = Debug|Any CPU
		{9F3FC234-EBC7-403A-B42B-0A619C3AF1E1}.Debug|Any CPU.Build.0 = Debug|Any CPU
		{9F3FC234-EBC7-403A-B42B-0A619C3AF1E1}.Release|Any CPU.ActiveCfg = Release|Any CPU
		{9F3FC234-EBC7-403A-B42B-0A619C3AF1E1}.Release|Any CPU.Build.0 = Release|Any CPU
		{F302B55E-FABD-41DA-806C-E6BB5658500D}.Debug|Any CPU.ActiveCfg = Debug|Any CPU
		{F302B55E-FABD-41DA-806C-E6BB5658500D}.Debug|Any CPU.Build.0 = Debug|Any CPU
		{F302B55E-FABD-41DA-806C-E6BB5658500D}.Release|Any CPU.ActiveCfg = Release|Any CPU
		{F302B55E-FABD-41DA-806C-E6BB5658500D}.Release|Any CPU.Build.0 = Release|Any CPU
		{B43A893D-F50B-4C1C-B9E4-EC459D3C0358}.Debug|Any CPU.ActiveCfg = Debug|Any CPU
		{B43A893D-F50B-4C1C-B9E4-EC459D3C0358}.Debug|Any CPU.Build.0 = Debug|Any CPU
		{B43A893D-F50B-4C1C-B9E4-EC459D3C0358}.Release|Any CPU.ActiveCfg = Release|Any CPU
		{B43A893D-F50B-4C1C-B9E4-EC459D3C0358}.Release|Any CPU.Build.0 = Release|Any CPU
		{647C9EEA-57E0-4F25-AC34-9ED800D2C836}.Debug|Any CPU.ActiveCfg = Debug|Any CPU
		{647C9EEA-57E0-4F25-AC34-9ED800D2C836}.Debug|Any CPU.Build.0 = Debug|Any CPU
		{647C9EEA-57E0-4F25-AC34-9ED800D2C836}.Release|Any CPU.ActiveCfg = Release|Any CPU
		{647C9EEA-57E0-4F25-AC34-9ED800D2C836}.Release|Any CPU.Build.0 = Release|Any CPU
		{17CD87FA-4EDF-40E9-95B6-E725E3EFFFAB}.Debug|Any CPU.ActiveCfg = Debug|Any CPU
		{17CD87FA-4EDF-40E9-95B6-E725E3EFFFAB}.Debug|Any CPU.Build.0 = Debug|Any CPU
		{17CD87FA-4EDF-40E9-95B6-E725E3EFFFAB}.Release|Any CPU.ActiveCfg = Release|Any CPU
		{17CD87FA-4EDF-40E9-95B6-E725E3EFFFAB}.Release|Any CPU.Build.0 = Release|Any CPU
		{06DF9D3C-9C09-4482-AA1C-C2BDFF759497}.Debug|Any CPU.ActiveCfg = Debug|Any CPU
		{06DF9D3C-9C09-4482-AA1C-C2BDFF759497}.Debug|Any CPU.Build.0 = Debug|Any CPU
		{06DF9D3C-9C09-4482-AA1C-C2BDFF759497}.Release|Any CPU.ActiveCfg = Release|Any CPU
		{06DF9D3C-9C09-4482-AA1C-C2BDFF759497}.Release|Any CPU.Build.0 = Release|Any CPU
		{3133BD33-7770-4586-AD0F-5AA85E1E7A46}.Debug|Any CPU.ActiveCfg = Debug|Any CPU
		{3133BD33-7770-4586-AD0F-5AA85E1E7A46}.Debug|Any CPU.Build.0 = Debug|Any CPU
		{3133BD33-7770-4586-AD0F-5AA85E1E7A46}.Release|Any CPU.ActiveCfg = Release|Any CPU
		{3133BD33-7770-4586-AD0F-5AA85E1E7A46}.Release|Any CPU.Build.0 = Release|Any CPU
		{BDEE4D40-0C91-4455-B3C6-3701B07A8197}.Debug|Any CPU.ActiveCfg = Debug|Any CPU
		{BDEE4D40-0C91-4455-B3C6-3701B07A8197}.Debug|Any CPU.Build.0 = Debug|Any CPU
		{BDEE4D40-0C91-4455-B3C6-3701B07A8197}.Release|Any CPU.ActiveCfg = Release|Any CPU
		{BDEE4D40-0C91-4455-B3C6-3701B07A8197}.Release|Any CPU.Build.0 = Release|Any CPU
		{B4510C6E-BA5B-42EE-8DA6-0EBD8D967877}.Debug|Any CPU.ActiveCfg = Debug|Any CPU
		{B4510C6E-BA5B-42EE-8DA6-0EBD8D967877}.Debug|Any CPU.Build.0 = Debug|Any CPU
		{B4510C6E-BA5B-42EE-8DA6-0EBD8D967877}.Release|Any CPU.ActiveCfg = Release|Any CPU
		{B4510C6E-BA5B-42EE-8DA6-0EBD8D967877}.Release|Any CPU.Build.0 = Release|Any CPU
		{B59DFBF1-7F3D-460A-955E-E0F31604BDE2}.Debug|Any CPU.ActiveCfg = Debug|Any CPU
		{B59DFBF1-7F3D-460A-955E-E0F31604BDE2}.Debug|Any CPU.Build.0 = Debug|Any CPU
		{B59DFBF1-7F3D-460A-955E-E0F31604BDE2}.Release|Any CPU.ActiveCfg = Release|Any CPU
		{B59DFBF1-7F3D-460A-955E-E0F31604BDE2}.Release|Any CPU.Build.0 = Release|Any CPU
		{D510FC8A-B7E0-4FD0-BB9D-C0EB58201690}.Debug|Any CPU.ActiveCfg = Debug|Any CPU
		{D510FC8A-B7E0-4FD0-BB9D-C0EB58201690}.Debug|Any CPU.Build.0 = Debug|Any CPU
		{D510FC8A-B7E0-4FD0-BB9D-C0EB58201690}.Release|Any CPU.ActiveCfg = Release|Any CPU
		{D510FC8A-B7E0-4FD0-BB9D-C0EB58201690}.Release|Any CPU.Build.0 = Release|Any CPU
		{B320C89F-AC88-4550-9EC0-1BC776681473}.Debug|Any CPU.ActiveCfg = Debug|Any CPU
		{B320C89F-AC88-4550-9EC0-1BC776681473}.Debug|Any CPU.Build.0 = Debug|Any CPU
		{B320C89F-AC88-4550-9EC0-1BC776681473}.Release|Any CPU.ActiveCfg = Release|Any CPU
		{B320C89F-AC88-4550-9EC0-1BC776681473}.Release|Any CPU.Build.0 = Release|Any CPU
		{2FDDAA81-BCE3-4A6C-982C-B3A1E5B60140}.Debug|Any CPU.ActiveCfg = Debug|Any CPU
		{2FDDAA81-BCE3-4A6C-982C-B3A1E5B60140}.Debug|Any CPU.Build.0 = Debug|Any CPU
		{2FDDAA81-BCE3-4A6C-982C-B3A1E5B60140}.Release|Any CPU.ActiveCfg = Release|Any CPU
		{2FDDAA81-BCE3-4A6C-982C-B3A1E5B60140}.Release|Any CPU.Build.0 = Release|Any CPU
		{4F5590FD-4470-49AF-90A4-4050BD19E3C2}.Debug|Any CPU.ActiveCfg = Debug|Any CPU
		{4F5590FD-4470-49AF-90A4-4050BD19E3C2}.Debug|Any CPU.Build.0 = Debug|Any CPU
		{4F5590FD-4470-49AF-90A4-4050BD19E3C2}.Release|Any CPU.ActiveCfg = Release|Any CPU
		{4F5590FD-4470-49AF-90A4-4050BD19E3C2}.Release|Any CPU.Build.0 = Release|Any CPU
		{A958953E-F3BC-4136-82DA-C4291FC0F309}.Debug|Any CPU.ActiveCfg = Debug|Any CPU
		{A958953E-F3BC-4136-82DA-C4291FC0F309}.Debug|Any CPU.Build.0 = Debug|Any CPU
		{A958953E-F3BC-4136-82DA-C4291FC0F309}.Release|Any CPU.ActiveCfg = Release|Any CPU
		{A958953E-F3BC-4136-82DA-C4291FC0F309}.Release|Any CPU.Build.0 = Release|Any CPU
		{11792F5A-3CDC-4620-9FF0-1E8DDD242031}.Debug|Any CPU.ActiveCfg = Debug|Any CPU
		{11792F5A-3CDC-4620-9FF0-1E8DDD242031}.Debug|Any CPU.Build.0 = Debug|Any CPU
		{11792F5A-3CDC-4620-9FF0-1E8DDD242031}.Release|Any CPU.ActiveCfg = Release|Any CPU
		{11792F5A-3CDC-4620-9FF0-1E8DDD242031}.Release|Any CPU.Build.0 = Release|Any CPU
		{C648D464-4D37-41A9-AC67-AF9C912E8042}.Debug|Any CPU.ActiveCfg = Debug|Any CPU
		{C648D464-4D37-41A9-AC67-AF9C912E8042}.Debug|Any CPU.Build.0 = Debug|Any CPU
		{C648D464-4D37-41A9-AC67-AF9C912E8042}.Release|Any CPU.ActiveCfg = Release|Any CPU
		{C648D464-4D37-41A9-AC67-AF9C912E8042}.Release|Any CPU.Build.0 = Release|Any CPU
		{95CC7205-6D46-4261-9973-9CCBCBE80D1A}.Debug|Any CPU.ActiveCfg = Debug|Any CPU
		{95CC7205-6D46-4261-9973-9CCBCBE80D1A}.Debug|Any CPU.Build.0 = Debug|Any CPU
		{95CC7205-6D46-4261-9973-9CCBCBE80D1A}.Release|Any CPU.ActiveCfg = Release|Any CPU
		{95CC7205-6D46-4261-9973-9CCBCBE80D1A}.Release|Any CPU.Build.0 = Release|Any CPU
		{EF738290-30AA-419B-9D07-67DED675229F}.Debug|Any CPU.ActiveCfg = Debug|Any CPU
		{EF738290-30AA-419B-9D07-67DED675229F}.Debug|Any CPU.Build.0 = Debug|Any CPU
		{EF738290-30AA-419B-9D07-67DED675229F}.Release|Any CPU.ActiveCfg = Release|Any CPU
		{EF738290-30AA-419B-9D07-67DED675229F}.Release|Any CPU.Build.0 = Release|Any CPU
		{48225321-4293-47BA-BC18-D5D690A3DCC1}.Debug|Any CPU.ActiveCfg = Debug|Any CPU
		{48225321-4293-47BA-BC18-D5D690A3DCC1}.Debug|Any CPU.Build.0 = Debug|Any CPU
		{48225321-4293-47BA-BC18-D5D690A3DCC1}.Release|Any CPU.ActiveCfg = Release|Any CPU
		{48225321-4293-47BA-BC18-D5D690A3DCC1}.Release|Any CPU.Build.0 = Release|Any CPU
		{D9701B8A-BDCE-4893-9BD0-8221A8C93AF8}.Debug|Any CPU.ActiveCfg = Debug|Any CPU
		{D9701B8A-BDCE-4893-9BD0-8221A8C93AF8}.Debug|Any CPU.Build.0 = Debug|Any CPU
		{D9701B8A-BDCE-4893-9BD0-8221A8C93AF8}.Release|Any CPU.ActiveCfg = Release|Any CPU
		{D9701B8A-BDCE-4893-9BD0-8221A8C93AF8}.Release|Any CPU.Build.0 = Release|Any CPU
		{9965C61A-80E7-42FA-9762-156C79A8AC10}.Debug|Any CPU.ActiveCfg = Debug|Any CPU
		{9965C61A-80E7-42FA-9762-156C79A8AC10}.Debug|Any CPU.Build.0 = Debug|Any CPU
		{9965C61A-80E7-42FA-9762-156C79A8AC10}.Release|Any CPU.ActiveCfg = Release|Any CPU
		{9965C61A-80E7-42FA-9762-156C79A8AC10}.Release|Any CPU.Build.0 = Release|Any CPU
		{F1755152-712E-4695-8F70-503E97A5AD5F}.Debug|Any CPU.ActiveCfg = Debug|Any CPU
		{F1755152-712E-4695-8F70-503E97A5AD5F}.Debug|Any CPU.Build.0 = Debug|Any CPU
		{F1755152-712E-4695-8F70-503E97A5AD5F}.Release|Any CPU.ActiveCfg = Release|Any CPU
		{F1755152-712E-4695-8F70-503E97A5AD5F}.Release|Any CPU.Build.0 = Release|Any CPU
		{A58643F3-0D87-4626-A7F1-5C34E0810958}.Debug|Any CPU.ActiveCfg = Debug|Any CPU
		{A58643F3-0D87-4626-A7F1-5C34E0810958}.Debug|Any CPU.Build.0 = Debug|Any CPU
		{A58643F3-0D87-4626-A7F1-5C34E0810958}.Release|Any CPU.ActiveCfg = Release|Any CPU
		{A58643F3-0D87-4626-A7F1-5C34E0810958}.Release|Any CPU.Build.0 = Release|Any CPU
		{B8240309-59FC-41FC-BD5A-5C0CDF98F948}.Debug|Any CPU.ActiveCfg = Debug|Any CPU
		{B8240309-59FC-41FC-BD5A-5C0CDF98F948}.Debug|Any CPU.Build.0 = Debug|Any CPU
		{B8240309-59FC-41FC-BD5A-5C0CDF98F948}.Release|Any CPU.ActiveCfg = Release|Any CPU
		{B8240309-59FC-41FC-BD5A-5C0CDF98F948}.Release|Any CPU.Build.0 = Release|Any CPU
		{8578E757-256E-445E-B021-8286F0CF9912}.Debug|Any CPU.ActiveCfg = Debug|Any CPU
		{8578E757-256E-445E-B021-8286F0CF9912}.Debug|Any CPU.Build.0 = Debug|Any CPU
		{8578E757-256E-445E-B021-8286F0CF9912}.Release|Any CPU.ActiveCfg = Release|Any CPU
		{8578E757-256E-445E-B021-8286F0CF9912}.Release|Any CPU.Build.0 = Release|Any CPU
		{D23512BD-431C-4056-AA7E-CF97480B5E20}.Debug|Any CPU.ActiveCfg = Debug|Any CPU
		{D23512BD-431C-4056-AA7E-CF97480B5E20}.Debug|Any CPU.Build.0 = Debug|Any CPU
		{D23512BD-431C-4056-AA7E-CF97480B5E20}.Release|Any CPU.ActiveCfg = Release|Any CPU
		{D23512BD-431C-4056-AA7E-CF97480B5E20}.Release|Any CPU.Build.0 = Release|Any CPU
		{86A3AF02-3C58-4CB0-BEB1-2DB16770AB5B}.Debug|Any CPU.ActiveCfg = Debug|Any CPU
		{86A3AF02-3C58-4CB0-BEB1-2DB16770AB5B}.Debug|Any CPU.Build.0 = Debug|Any CPU
		{86A3AF02-3C58-4CB0-BEB1-2DB16770AB5B}.Release|Any CPU.ActiveCfg = Release|Any CPU
		{86A3AF02-3C58-4CB0-BEB1-2DB16770AB5B}.Release|Any CPU.Build.0 = Release|Any CPU
		{C7B3C07C-1FA6-4840-A01C-8133F667DA2A}.Debug|Any CPU.ActiveCfg = Debug|Any CPU
		{C7B3C07C-1FA6-4840-A01C-8133F667DA2A}.Debug|Any CPU.Build.0 = Debug|Any CPU
		{C7B3C07C-1FA6-4840-A01C-8133F667DA2A}.Release|Any CPU.ActiveCfg = Release|Any CPU
		{C7B3C07C-1FA6-4840-A01C-8133F667DA2A}.Release|Any CPU.Build.0 = Release|Any CPU
		{F5C0B630-2172-42B2-8B2F-4005BBB6B17E}.Debug|Any CPU.ActiveCfg = Debug|Any CPU
		{F5C0B630-2172-42B2-8B2F-4005BBB6B17E}.Debug|Any CPU.Build.0 = Debug|Any CPU
		{F5C0B630-2172-42B2-8B2F-4005BBB6B17E}.Release|Any CPU.ActiveCfg = Release|Any CPU
		{F5C0B630-2172-42B2-8B2F-4005BBB6B17E}.Release|Any CPU.Build.0 = Release|Any CPU
		{F5F5FC49-BCDC-48B6-B9EF-3A90BF212D66}.Debug|Any CPU.ActiveCfg = Debug|Any CPU
		{F5F5FC49-BCDC-48B6-B9EF-3A90BF212D66}.Debug|Any CPU.Build.0 = Debug|Any CPU
		{F5F5FC49-BCDC-48B6-B9EF-3A90BF212D66}.Release|Any CPU.ActiveCfg = Release|Any CPU
		{F5F5FC49-BCDC-48B6-B9EF-3A90BF212D66}.Release|Any CPU.Build.0 = Release|Any CPU
		{313CD745-6AD7-411C-BE20-A4A0E0A4ABB3}.Debug|Any CPU.ActiveCfg = Debug|Any CPU
		{313CD745-6AD7-411C-BE20-A4A0E0A4ABB3}.Debug|Any CPU.Build.0 = Debug|Any CPU
		{313CD745-6AD7-411C-BE20-A4A0E0A4ABB3}.Release|Any CPU.ActiveCfg = Release|Any CPU
		{313CD745-6AD7-411C-BE20-A4A0E0A4ABB3}.Release|Any CPU.Build.0 = Release|Any CPU
		{AC302953-6F0B-4F63-AD8A-15EB91A29904}.Debug|Any CPU.ActiveCfg = Debug|Any CPU
		{AC302953-6F0B-4F63-AD8A-15EB91A29904}.Debug|Any CPU.Build.0 = Debug|Any CPU
		{AC302953-6F0B-4F63-AD8A-15EB91A29904}.Release|Any CPU.ActiveCfg = Release|Any CPU
		{AC302953-6F0B-4F63-AD8A-15EB91A29904}.Release|Any CPU.Build.0 = Release|Any CPU
		{A74CAEB1-1DF0-4352-8BF5-E56923DF52F9}.Debug|Any CPU.ActiveCfg = Debug|Any CPU
		{A74CAEB1-1DF0-4352-8BF5-E56923DF52F9}.Debug|Any CPU.Build.0 = Debug|Any CPU
		{A74CAEB1-1DF0-4352-8BF5-E56923DF52F9}.Release|Any CPU.ActiveCfg = Release|Any CPU
		{A74CAEB1-1DF0-4352-8BF5-E56923DF52F9}.Release|Any CPU.Build.0 = Release|Any CPU
		{4D03E2E0-7990-469E-99D8-A2BE7A1304A1}.Debug|Any CPU.ActiveCfg = Debug|Any CPU
		{4D03E2E0-7990-469E-99D8-A2BE7A1304A1}.Debug|Any CPU.Build.0 = Debug|Any CPU
		{4D03E2E0-7990-469E-99D8-A2BE7A1304A1}.Release|Any CPU.ActiveCfg = Release|Any CPU
		{4D03E2E0-7990-469E-99D8-A2BE7A1304A1}.Release|Any CPU.Build.0 = Release|Any CPU
		{24971ABF-B3D5-4D14-B25A-C89EC2380282}.Debug|Any CPU.ActiveCfg = Debug|Any CPU
		{24971ABF-B3D5-4D14-B25A-C89EC2380282}.Debug|Any CPU.Build.0 = Debug|Any CPU
		{24971ABF-B3D5-4D14-B25A-C89EC2380282}.Release|Any CPU.ActiveCfg = Release|Any CPU
		{24971ABF-B3D5-4D14-B25A-C89EC2380282}.Release|Any CPU.Build.0 = Release|Any CPU
		{8E9C9A46-E219-4827-B3D1-40572C4B6516}.Debug|Any CPU.ActiveCfg = Debug|Any CPU
		{8E9C9A46-E219-4827-B3D1-40572C4B6516}.Debug|Any CPU.Build.0 = Debug|Any CPU
		{8E9C9A46-E219-4827-B3D1-40572C4B6516}.Release|Any CPU.ActiveCfg = Release|Any CPU
		{8E9C9A46-E219-4827-B3D1-40572C4B6516}.Release|Any CPU.Build.0 = Release|Any CPU
		{909C06A5-0E61-4D01-B20C-91B329D95BC4}.Debug|Any CPU.ActiveCfg = Debug|Any CPU
		{909C06A5-0E61-4D01-B20C-91B329D95BC4}.Debug|Any CPU.Build.0 = Debug|Any CPU
		{909C06A5-0E61-4D01-B20C-91B329D95BC4}.Release|Any CPU.ActiveCfg = Release|Any CPU
		{909C06A5-0E61-4D01-B20C-91B329D95BC4}.Release|Any CPU.Build.0 = Release|Any CPU
		{48C16C88-87F8-4C83-80A4-2BFD9B2A7CE9}.Debug|Any CPU.ActiveCfg = Debug|Any CPU
		{48C16C88-87F8-4C83-80A4-2BFD9B2A7CE9}.Debug|Any CPU.Build.0 = Debug|Any CPU
		{48C16C88-87F8-4C83-80A4-2BFD9B2A7CE9}.Release|Any CPU.ActiveCfg = Release|Any CPU
		{48C16C88-87F8-4C83-80A4-2BFD9B2A7CE9}.Release|Any CPU.Build.0 = Release|Any CPU
		{14B3FFFA-F34C-4E41-9789-9C4162125F5E}.Debug|Any CPU.ActiveCfg = Debug|Any CPU
		{14B3FFFA-F34C-4E41-9789-9C4162125F5E}.Debug|Any CPU.Build.0 = Debug|Any CPU
		{14B3FFFA-F34C-4E41-9789-9C4162125F5E}.Release|Any CPU.ActiveCfg = Release|Any CPU
		{14B3FFFA-F34C-4E41-9789-9C4162125F5E}.Release|Any CPU.Build.0 = Release|Any CPU
		{386E4799-A6EF-48F3-9F8C-90636B6DE30E}.Debug|Any CPU.ActiveCfg = Debug|Any CPU
		{386E4799-A6EF-48F3-9F8C-90636B6DE30E}.Debug|Any CPU.Build.0 = Debug|Any CPU
		{386E4799-A6EF-48F3-9F8C-90636B6DE30E}.Release|Any CPU.ActiveCfg = Release|Any CPU
		{386E4799-A6EF-48F3-9F8C-90636B6DE30E}.Release|Any CPU.Build.0 = Release|Any CPU
		{704A4FE4-2A80-4297-966E-A147E0565B5C}.Debug|Any CPU.ActiveCfg = Debug|Any CPU
		{704A4FE4-2A80-4297-966E-A147E0565B5C}.Debug|Any CPU.Build.0 = Debug|Any CPU
		{704A4FE4-2A80-4297-966E-A147E0565B5C}.Release|Any CPU.ActiveCfg = Release|Any CPU
		{704A4FE4-2A80-4297-966E-A147E0565B5C}.Release|Any CPU.Build.0 = Release|Any CPU
		{F1C94989-2A15-403D-B786-2D565A8D47C2}.Debug|Any CPU.ActiveCfg = Debug|Any CPU
		{F1C94989-2A15-403D-B786-2D565A8D47C2}.Debug|Any CPU.Build.0 = Debug|Any CPU
		{F1C94989-2A15-403D-B786-2D565A8D47C2}.Release|Any CPU.ActiveCfg = Release|Any CPU
		{F1C94989-2A15-403D-B786-2D565A8D47C2}.Release|Any CPU.Build.0 = Release|Any CPU
		{91071BF3-CDE8-418A-9444-92DAD3E5F74F}.Debug|Any CPU.ActiveCfg = Debug|Any CPU
		{91071BF3-CDE8-418A-9444-92DAD3E5F74F}.Debug|Any CPU.Build.0 = Debug|Any CPU
		{91071BF3-CDE8-418A-9444-92DAD3E5F74F}.Release|Any CPU.ActiveCfg = Release|Any CPU
		{91071BF3-CDE8-418A-9444-92DAD3E5F74F}.Release|Any CPU.Build.0 = Release|Any CPU
		{182617F3-4B99-48FF-B84F-7C5D426EE62B}.Debug|Any CPU.ActiveCfg = Debug|Any CPU
		{182617F3-4B99-48FF-B84F-7C5D426EE62B}.Debug|Any CPU.Build.0 = Debug|Any CPU
		{182617F3-4B99-48FF-B84F-7C5D426EE62B}.Release|Any CPU.ActiveCfg = Release|Any CPU
		{182617F3-4B99-48FF-B84F-7C5D426EE62B}.Release|Any CPU.Build.0 = Release|Any CPU
		{D9CC0F8A-6CED-4031-8F12-5B4D117262B6}.Debug|Any CPU.ActiveCfg = Debug|Any CPU
		{D9CC0F8A-6CED-4031-8F12-5B4D117262B6}.Debug|Any CPU.Build.0 = Debug|Any CPU
		{D9CC0F8A-6CED-4031-8F12-5B4D117262B6}.Release|Any CPU.ActiveCfg = Release|Any CPU
		{D9CC0F8A-6CED-4031-8F12-5B4D117262B6}.Release|Any CPU.Build.0 = Release|Any CPU
		{48466478-840C-4ABF-A912-5028800C62DE}.Debug|Any CPU.ActiveCfg = Debug|Any CPU
		{48466478-840C-4ABF-A912-5028800C62DE}.Debug|Any CPU.Build.0 = Debug|Any CPU
		{48466478-840C-4ABF-A912-5028800C62DE}.Release|Any CPU.ActiveCfg = Release|Any CPU
		{48466478-840C-4ABF-A912-5028800C62DE}.Release|Any CPU.Build.0 = Release|Any CPU
		{8C2823CF-C647-41AA-A2EE-CFA6BE18B2E8}.Debug|Any CPU.ActiveCfg = Debug|Any CPU
		{8C2823CF-C647-41AA-A2EE-CFA6BE18B2E8}.Debug|Any CPU.Build.0 = Debug|Any CPU
		{8C2823CF-C647-41AA-A2EE-CFA6BE18B2E8}.Release|Any CPU.ActiveCfg = Release|Any CPU
		{8C2823CF-C647-41AA-A2EE-CFA6BE18B2E8}.Release|Any CPU.Build.0 = Release|Any CPU
		{1C461400-B5FB-442C-BED8-1DF9F3F1D349}.Debug|Any CPU.ActiveCfg = Debug|Any CPU
		{1C461400-B5FB-442C-BED8-1DF9F3F1D349}.Debug|Any CPU.Build.0 = Debug|Any CPU
		{1C461400-B5FB-442C-BED8-1DF9F3F1D349}.Release|Any CPU.ActiveCfg = Release|Any CPU
		{1C461400-B5FB-442C-BED8-1DF9F3F1D349}.Release|Any CPU.Build.0 = Release|Any CPU
		{C3226599-7F6F-4016-8D11-96DE5CFEFA49}.Debug|Any CPU.ActiveCfg = Debug|Any CPU
		{C3226599-7F6F-4016-8D11-96DE5CFEFA49}.Debug|Any CPU.Build.0 = Debug|Any CPU
		{C3226599-7F6F-4016-8D11-96DE5CFEFA49}.Release|Any CPU.ActiveCfg = Release|Any CPU
		{C3226599-7F6F-4016-8D11-96DE5CFEFA49}.Release|Any CPU.Build.0 = Release|Any CPU
		{25BC3F1F-96BC-4391-82A6-7D57A30CE939}.Debug|Any CPU.ActiveCfg = Debug|Any CPU
		{25BC3F1F-96BC-4391-82A6-7D57A30CE939}.Debug|Any CPU.Build.0 = Debug|Any CPU
		{25BC3F1F-96BC-4391-82A6-7D57A30CE939}.Release|Any CPU.ActiveCfg = Release|Any CPU
		{25BC3F1F-96BC-4391-82A6-7D57A30CE939}.Release|Any CPU.Build.0 = Release|Any CPU
		{9B83C6C7-8D7D-4088-B6C8-393076DE6E5E}.Debug|Any CPU.ActiveCfg = Debug|Any CPU
		{9B83C6C7-8D7D-4088-B6C8-393076DE6E5E}.Debug|Any CPU.Build.0 = Debug|Any CPU
		{9B83C6C7-8D7D-4088-B6C8-393076DE6E5E}.Release|Any CPU.ActiveCfg = Release|Any CPU
		{9B83C6C7-8D7D-4088-B6C8-393076DE6E5E}.Release|Any CPU.Build.0 = Release|Any CPU
		{79E5E951-E326-4BD0-8497-3C06D3155037}.Debug|Any CPU.ActiveCfg = Debug|Any CPU
		{79E5E951-E326-4BD0-8497-3C06D3155037}.Debug|Any CPU.Build.0 = Debug|Any CPU
		{79E5E951-E326-4BD0-8497-3C06D3155037}.Release|Any CPU.ActiveCfg = Release|Any CPU
		{79E5E951-E326-4BD0-8497-3C06D3155037}.Release|Any CPU.Build.0 = Release|Any CPU
		{0E9059F5-A50B-47B2-9057-C707C9E92BCE}.Debug|Any CPU.ActiveCfg = Debug|Any CPU
		{0E9059F5-A50B-47B2-9057-C707C9E92BCE}.Debug|Any CPU.Build.0 = Debug|Any CPU
		{0E9059F5-A50B-47B2-9057-C707C9E92BCE}.Release|Any CPU.ActiveCfg = Release|Any CPU
		{0E9059F5-A50B-47B2-9057-C707C9E92BCE}.Release|Any CPU.Build.0 = Release|Any CPU
		{632FFE34-8BCA-47F7-AF43-4B9C45A132D6}.Debug|Any CPU.ActiveCfg = Debug|Any CPU
		{632FFE34-8BCA-47F7-AF43-4B9C45A132D6}.Debug|Any CPU.Build.0 = Debug|Any CPU
		{632FFE34-8BCA-47F7-AF43-4B9C45A132D6}.Release|Any CPU.ActiveCfg = Release|Any CPU
		{632FFE34-8BCA-47F7-AF43-4B9C45A132D6}.Release|Any CPU.Build.0 = Release|Any CPU
		{830033B8-5C6B-45C8-953E-1EEF0B8FC086}.Debug|Any CPU.ActiveCfg = Debug|Any CPU
		{830033B8-5C6B-45C8-953E-1EEF0B8FC086}.Debug|Any CPU.Build.0 = Debug|Any CPU
		{830033B8-5C6B-45C8-953E-1EEF0B8FC086}.Release|Any CPU.ActiveCfg = Release|Any CPU
		{830033B8-5C6B-45C8-953E-1EEF0B8FC086}.Release|Any CPU.Build.0 = Release|Any CPU
		{4DC55A0A-FE54-4DFF-9E44-529FCD08D926}.Debug|Any CPU.ActiveCfg = Debug|Any CPU
		{4DC55A0A-FE54-4DFF-9E44-529FCD08D926}.Debug|Any CPU.Build.0 = Debug|Any CPU
		{4DC55A0A-FE54-4DFF-9E44-529FCD08D926}.Release|Any CPU.ActiveCfg = Release|Any CPU
		{4DC55A0A-FE54-4DFF-9E44-529FCD08D926}.Release|Any CPU.Build.0 = Release|Any CPU
		{5C8265CA-010E-45FD-BFAB-B1E9E05FC6FC}.Debug|Any CPU.ActiveCfg = Debug|Any CPU
		{5C8265CA-010E-45FD-BFAB-B1E9E05FC6FC}.Debug|Any CPU.Build.0 = Debug|Any CPU
		{5C8265CA-010E-45FD-BFAB-B1E9E05FC6FC}.Release|Any CPU.ActiveCfg = Release|Any CPU
		{5C8265CA-010E-45FD-BFAB-B1E9E05FC6FC}.Release|Any CPU.Build.0 = Release|Any CPU
		{C4C14B5B-91DF-4878-88CC-73E92D688571}.Debug|Any CPU.ActiveCfg = Debug|Any CPU
		{C4C14B5B-91DF-4878-88CC-73E92D688571}.Debug|Any CPU.Build.0 = Debug|Any CPU
		{C4C14B5B-91DF-4878-88CC-73E92D688571}.Release|Any CPU.ActiveCfg = Release|Any CPU
		{C4C14B5B-91DF-4878-88CC-73E92D688571}.Release|Any CPU.Build.0 = Release|Any CPU
		{4C51581A-7CE6-473C-B5B8-A6EF6D5CDEC5}.Debug|Any CPU.ActiveCfg = Debug|Any CPU
		{4C51581A-7CE6-473C-B5B8-A6EF6D5CDEC5}.Debug|Any CPU.Build.0 = Debug|Any CPU
		{4C51581A-7CE6-473C-B5B8-A6EF6D5CDEC5}.Release|Any CPU.ActiveCfg = Release|Any CPU
		{4C51581A-7CE6-473C-B5B8-A6EF6D5CDEC5}.Release|Any CPU.Build.0 = Release|Any CPU
		{310B290D-592B-4D6B-90F9-CC8E1946CF3D}.Debug|Any CPU.ActiveCfg = Debug|Any CPU
		{310B290D-592B-4D6B-90F9-CC8E1946CF3D}.Debug|Any CPU.Build.0 = Debug|Any CPU
		{310B290D-592B-4D6B-90F9-CC8E1946CF3D}.Release|Any CPU.ActiveCfg = Release|Any CPU
		{310B290D-592B-4D6B-90F9-CC8E1946CF3D}.Release|Any CPU.Build.0 = Release|Any CPU
		{78CC0110-63C7-4642-A6F4-278127A6F7E9}.Debug|Any CPU.ActiveCfg = Debug|Any CPU
		{78CC0110-63C7-4642-A6F4-278127A6F7E9}.Debug|Any CPU.Build.0 = Debug|Any CPU
		{78CC0110-63C7-4642-A6F4-278127A6F7E9}.Release|Any CPU.ActiveCfg = Release|Any CPU
		{78CC0110-63C7-4642-A6F4-278127A6F7E9}.Release|Any CPU.Build.0 = Release|Any CPU
		{0DE146E2-275A-41B2-BEC4-33B2611AC392}.Debug|Any CPU.ActiveCfg = Debug|Any CPU
		{0DE146E2-275A-41B2-BEC4-33B2611AC392}.Debug|Any CPU.Build.0 = Debug|Any CPU
		{0DE146E2-275A-41B2-BEC4-33B2611AC392}.Release|Any CPU.ActiveCfg = Release|Any CPU
		{0DE146E2-275A-41B2-BEC4-33B2611AC392}.Release|Any CPU.Build.0 = Release|Any CPU
		{A168082B-F850-4221-AAC1-3E4D05A0FEA6}.Debug|Any CPU.ActiveCfg = Debug|Any CPU
		{A168082B-F850-4221-AAC1-3E4D05A0FEA6}.Debug|Any CPU.Build.0 = Debug|Any CPU
		{A168082B-F850-4221-AAC1-3E4D05A0FEA6}.Release|Any CPU.ActiveCfg = Release|Any CPU
		{A168082B-F850-4221-AAC1-3E4D05A0FEA6}.Release|Any CPU.Build.0 = Release|Any CPU
		{56E08C13-6A95-4D9B-8270-C004F693DD34}.Debug|Any CPU.ActiveCfg = Debug|Any CPU
		{56E08C13-6A95-4D9B-8270-C004F693DD34}.Debug|Any CPU.Build.0 = Debug|Any CPU
		{56E08C13-6A95-4D9B-8270-C004F693DD34}.Release|Any CPU.ActiveCfg = Release|Any CPU
		{56E08C13-6A95-4D9B-8270-C004F693DD34}.Release|Any CPU.Build.0 = Release|Any CPU
		{1CB32A1F-C2D5-4CF4-827B-ECBBF1D4BD60}.Debug|Any CPU.ActiveCfg = Debug|Any CPU
		{1CB32A1F-C2D5-4CF4-827B-ECBBF1D4BD60}.Debug|Any CPU.Build.0 = Debug|Any CPU
		{1CB32A1F-C2D5-4CF4-827B-ECBBF1D4BD60}.Release|Any CPU.ActiveCfg = Release|Any CPU
		{1CB32A1F-C2D5-4CF4-827B-ECBBF1D4BD60}.Release|Any CPU.Build.0 = Release|Any CPU
		{AC54C2E7-F8B8-4A78-A1E7-23A872783F3A}.Debug|Any CPU.ActiveCfg = Debug|Any CPU
		{AC54C2E7-F8B8-4A78-A1E7-23A872783F3A}.Debug|Any CPU.Build.0 = Debug|Any CPU
		{AC54C2E7-F8B8-4A78-A1E7-23A872783F3A}.Release|Any CPU.ActiveCfg = Release|Any CPU
		{AC54C2E7-F8B8-4A78-A1E7-23A872783F3A}.Release|Any CPU.Build.0 = Release|Any CPU
		{591F63CA-F648-4EF6-A015-7D8C540C0C79}.Debug|Any CPU.ActiveCfg = Debug|Any CPU
		{591F63CA-F648-4EF6-A015-7D8C540C0C79}.Debug|Any CPU.Build.0 = Debug|Any CPU
		{591F63CA-F648-4EF6-A015-7D8C540C0C79}.Release|Any CPU.ActiveCfg = Release|Any CPU
		{591F63CA-F648-4EF6-A015-7D8C540C0C79}.Release|Any CPU.Build.0 = Release|Any CPU
		{83133F33-2EFF-4F17-8390-22082266ED10}.Debug|Any CPU.ActiveCfg = Debug|Any CPU
		{83133F33-2EFF-4F17-8390-22082266ED10}.Debug|Any CPU.Build.0 = Debug|Any CPU
		{83133F33-2EFF-4F17-8390-22082266ED10}.Release|Any CPU.ActiveCfg = Release|Any CPU
		{83133F33-2EFF-4F17-8390-22082266ED10}.Release|Any CPU.Build.0 = Release|Any CPU
		{969A8298-13E6-4752-A3CF-956B22B981FE}.Debug|Any CPU.ActiveCfg = Debug|Any CPU
		{969A8298-13E6-4752-A3CF-956B22B981FE}.Debug|Any CPU.Build.0 = Debug|Any CPU
		{969A8298-13E6-4752-A3CF-956B22B981FE}.Release|Any CPU.ActiveCfg = Release|Any CPU
		{969A8298-13E6-4752-A3CF-956B22B981FE}.Release|Any CPU.Build.0 = Release|Any CPU
		{17227F06-6F85-4270-9773-20F5FABD0FD7}.Debug|Any CPU.ActiveCfg = Debug|Any CPU
		{17227F06-6F85-4270-9773-20F5FABD0FD7}.Debug|Any CPU.Build.0 = Debug|Any CPU
		{17227F06-6F85-4270-9773-20F5FABD0FD7}.Release|Any CPU.ActiveCfg = Release|Any CPU
		{17227F06-6F85-4270-9773-20F5FABD0FD7}.Release|Any CPU.Build.0 = Release|Any CPU
		{E1AB8D48-080B-4002-BF1B-7A2B30669B54}.Debug|Any CPU.ActiveCfg = Debug|Any CPU
		{E1AB8D48-080B-4002-BF1B-7A2B30669B54}.Debug|Any CPU.Build.0 = Debug|Any CPU
		{E1AB8D48-080B-4002-BF1B-7A2B30669B54}.Release|Any CPU.ActiveCfg = Release|Any CPU
		{E1AB8D48-080B-4002-BF1B-7A2B30669B54}.Release|Any CPU.Build.0 = Release|Any CPU
		{86E179C1-3379-4EBE-A501-E6AC3F6FAB04}.Debug|Any CPU.ActiveCfg = Debug|Any CPU
		{86E179C1-3379-4EBE-A501-E6AC3F6FAB04}.Debug|Any CPU.Build.0 = Debug|Any CPU
		{86E179C1-3379-4EBE-A501-E6AC3F6FAB04}.Release|Any CPU.ActiveCfg = Release|Any CPU
		{86E179C1-3379-4EBE-A501-E6AC3F6FAB04}.Release|Any CPU.Build.0 = Release|Any CPU
		{0E448B14-92F6-4DE4-A87B-3B838ACB066F}.Debug|Any CPU.ActiveCfg = Debug|Any CPU
		{0E448B14-92F6-4DE4-A87B-3B838ACB066F}.Debug|Any CPU.Build.0 = Debug|Any CPU
		{0E448B14-92F6-4DE4-A87B-3B838ACB066F}.Release|Any CPU.ActiveCfg = Release|Any CPU
		{0E448B14-92F6-4DE4-A87B-3B838ACB066F}.Release|Any CPU.Build.0 = Release|Any CPU
		{BDE6AFF8-6B25-463D-B280-30C892F3F5FB}.Debug|Any CPU.ActiveCfg = Debug|Any CPU
		{BDE6AFF8-6B25-463D-B280-30C892F3F5FB}.Debug|Any CPU.Build.0 = Debug|Any CPU
		{BDE6AFF8-6B25-463D-B280-30C892F3F5FB}.Release|Any CPU.ActiveCfg = Release|Any CPU
		{BDE6AFF8-6B25-463D-B280-30C892F3F5FB}.Release|Any CPU.Build.0 = Release|Any CPU
		{FFBE55D8-3884-46FF-B8C5-B4DCAC0B0B2F}.Debug|Any CPU.ActiveCfg = Debug|Any CPU
		{FFBE55D8-3884-46FF-B8C5-B4DCAC0B0B2F}.Debug|Any CPU.Build.0 = Debug|Any CPU
		{FFBE55D8-3884-46FF-B8C5-B4DCAC0B0B2F}.Release|Any CPU.ActiveCfg = Release|Any CPU
		{FFBE55D8-3884-46FF-B8C5-B4DCAC0B0B2F}.Release|Any CPU.Build.0 = Release|Any CPU
		{71049F42-3422-40F7-9DCE-1E9B69F7E549}.Debug|Any CPU.ActiveCfg = Debug|Any CPU
		{71049F42-3422-40F7-9DCE-1E9B69F7E549}.Debug|Any CPU.Build.0 = Debug|Any CPU
		{71049F42-3422-40F7-9DCE-1E9B69F7E549}.Release|Any CPU.ActiveCfg = Release|Any CPU
		{71049F42-3422-40F7-9DCE-1E9B69F7E549}.Release|Any CPU.Build.0 = Release|Any CPU
		{300D6FEF-4B41-4F61-A7BC-239436235C27}.Debug|Any CPU.ActiveCfg = Debug|Any CPU
		{300D6FEF-4B41-4F61-A7BC-239436235C27}.Debug|Any CPU.Build.0 = Debug|Any CPU
		{300D6FEF-4B41-4F61-A7BC-239436235C27}.Release|Any CPU.ActiveCfg = Release|Any CPU
		{300D6FEF-4B41-4F61-A7BC-239436235C27}.Release|Any CPU.Build.0 = Release|Any CPU
		{89BB47A3-AD88-4AC1-8330-88A61E14519F}.Debug|Any CPU.ActiveCfg = Debug|Any CPU
		{89BB47A3-AD88-4AC1-8330-88A61E14519F}.Debug|Any CPU.Build.0 = Debug|Any CPU
		{89BB47A3-AD88-4AC1-8330-88A61E14519F}.Release|Any CPU.ActiveCfg = Release|Any CPU
		{89BB47A3-AD88-4AC1-8330-88A61E14519F}.Release|Any CPU.Build.0 = Release|Any CPU
		{C84B5662-7089-45F5-974D-A8383BE40C4C}.Debug|Any CPU.ActiveCfg = Debug|Any CPU
		{C84B5662-7089-45F5-974D-A8383BE40C4C}.Debug|Any CPU.Build.0 = Debug|Any CPU
		{C84B5662-7089-45F5-974D-A8383BE40C4C}.Release|Any CPU.ActiveCfg = Release|Any CPU
		{C84B5662-7089-45F5-974D-A8383BE40C4C}.Release|Any CPU.Build.0 = Release|Any CPU
		{0F0244E4-6053-4CE1-88F5-9AEAB8963E18}.Debug|Any CPU.ActiveCfg = Debug|Any CPU
		{0F0244E4-6053-4CE1-88F5-9AEAB8963E18}.Debug|Any CPU.Build.0 = Debug|Any CPU
		{0F0244E4-6053-4CE1-88F5-9AEAB8963E18}.Release|Any CPU.ActiveCfg = Release|Any CPU
		{0F0244E4-6053-4CE1-88F5-9AEAB8963E18}.Release|Any CPU.Build.0 = Release|Any CPU
		{76E51D77-6A33-4651-A507-65260907839F}.Debug|Any CPU.ActiveCfg = Debug|Any CPU
		{76E51D77-6A33-4651-A507-65260907839F}.Debug|Any CPU.Build.0 = Debug|Any CPU
		{76E51D77-6A33-4651-A507-65260907839F}.Release|Any CPU.ActiveCfg = Release|Any CPU
		{76E51D77-6A33-4651-A507-65260907839F}.Release|Any CPU.Build.0 = Release|Any CPU
	EndGlobalSection
	GlobalSection(SolutionProperties) = preSolution
		HideSolutionNode = FALSE
	EndGlobalSection
	GlobalSection(NestedProjects) = preSolution
		{335D71DC-9896-4513-B5E2-CE781C1BA286} = {941B9A80-A196-425D-93C9-CE967330AE48}
		{C24F5CD3-C504-46FA-A27A-8DD5DC422586} = {1EC1DBBF-2B5D-48BC-9A6E-485372E3AC0B}
		{9F3FC234-EBC7-403A-B42B-0A619C3AF1E1} = {1EC1DBBF-2B5D-48BC-9A6E-485372E3AC0B}
		{F302B55E-FABD-41DA-806C-E6BB5658500D} = {1EC1DBBF-2B5D-48BC-9A6E-485372E3AC0B}
		{B43A893D-F50B-4C1C-B9E4-EC459D3C0358} = {1EC1DBBF-2B5D-48BC-9A6E-485372E3AC0B}
		{647C9EEA-57E0-4F25-AC34-9ED800D2C836} = {1EC1DBBF-2B5D-48BC-9A6E-485372E3AC0B}
		{17CD87FA-4EDF-40E9-95B6-E725E3EFFFAB} = {1EC1DBBF-2B5D-48BC-9A6E-485372E3AC0B}
		{06DF9D3C-9C09-4482-AA1C-C2BDFF759497} = {1EC1DBBF-2B5D-48BC-9A6E-485372E3AC0B}
		{3133BD33-7770-4586-AD0F-5AA85E1E7A46} = {689FD0F0-F09C-47E3-B1F1-25A7A2935A38}
		{BDEE4D40-0C91-4455-B3C6-3701B07A8197} = {689FD0F0-F09C-47E3-B1F1-25A7A2935A38}
		{B4510C6E-BA5B-42EE-8DA6-0EBD8D967877} = {689FD0F0-F09C-47E3-B1F1-25A7A2935A38}
		{B59DFBF1-7F3D-460A-955E-E0F31604BDE2} = {689FD0F0-F09C-47E3-B1F1-25A7A2935A38}
		{D510FC8A-B7E0-4FD0-BB9D-C0EB58201690} = {689FD0F0-F09C-47E3-B1F1-25A7A2935A38}
		{B320C89F-AC88-4550-9EC0-1BC776681473} = {689FD0F0-F09C-47E3-B1F1-25A7A2935A38}
		{2FDDAA81-BCE3-4A6C-982C-B3A1E5B60140} = {E5F21E07-0B2C-4468-8051-B44D9CBA5839}
		{4F5590FD-4470-49AF-90A4-4050BD19E3C2} = {1EC1DBBF-2B5D-48BC-9A6E-485372E3AC0B}
		{A958953E-F3BC-4136-82DA-C4291FC0F309} = {2C3317E9-AD9C-4DB3-B924-DE209DBA7A47}
		{11792F5A-3CDC-4620-9FF0-1E8DDD242031} = {2C3317E9-AD9C-4DB3-B924-DE209DBA7A47}
		{C648D464-4D37-41A9-AC67-AF9C912E8042} = {2C3317E9-AD9C-4DB3-B924-DE209DBA7A47}
		{95CC7205-6D46-4261-9973-9CCBCBE80D1A} = {2C3317E9-AD9C-4DB3-B924-DE209DBA7A47}
		{EF738290-30AA-419B-9D07-67DED675229F} = {2C3317E9-AD9C-4DB3-B924-DE209DBA7A47}
		{48225321-4293-47BA-BC18-D5D690A3DCC1} = {2C3317E9-AD9C-4DB3-B924-DE209DBA7A47}
		{D9701B8A-BDCE-4893-9BD0-8221A8C93AF8} = {2C3317E9-AD9C-4DB3-B924-DE209DBA7A47}
		{9965C61A-80E7-42FA-9762-156C79A8AC10} = {2C3317E9-AD9C-4DB3-B924-DE209DBA7A47}
		{F1755152-712E-4695-8F70-503E97A5AD5F} = {2C3317E9-AD9C-4DB3-B924-DE209DBA7A47}
		{A58643F3-0D87-4626-A7F1-5C34E0810958} = {2C3317E9-AD9C-4DB3-B924-DE209DBA7A47}
		{B8240309-59FC-41FC-BD5A-5C0CDF98F948} = {CFE3DC13-8887-4609-B9D3-23E858A68D06}
		{8578E757-256E-445E-B021-8286F0CF9912} = {BBDF78E7-BAE1-4FEB-BF77-0119E4C5217F}
		{D23512BD-431C-4056-AA7E-CF97480B5E20} = {BBDF78E7-BAE1-4FEB-BF77-0119E4C5217F}
		{86A3AF02-3C58-4CB0-BEB1-2DB16770AB5B} = {BBDF78E7-BAE1-4FEB-BF77-0119E4C5217F}
		{C7B3C07C-1FA6-4840-A01C-8133F667DA2A} = {BBDF78E7-BAE1-4FEB-BF77-0119E4C5217F}
		{F5C0B630-2172-42B2-8B2F-4005BBB6B17E} = {BBDF78E7-BAE1-4FEB-BF77-0119E4C5217F}
		{F5F5FC49-BCDC-48B6-B9EF-3A90BF212D66} = {BBDF78E7-BAE1-4FEB-BF77-0119E4C5217F}
		{313CD745-6AD7-411C-BE20-A4A0E0A4ABB3} = {BBDF78E7-BAE1-4FEB-BF77-0119E4C5217F}
		{AC302953-6F0B-4F63-AD8A-15EB91A29904} = {1EC1DBBF-2B5D-48BC-9A6E-485372E3AC0B}
		{A74CAEB1-1DF0-4352-8BF5-E56923DF52F9} = {1EC1DBBF-2B5D-48BC-9A6E-485372E3AC0B}
		{4D03E2E0-7990-469E-99D8-A2BE7A1304A1} = {1EC1DBBF-2B5D-48BC-9A6E-485372E3AC0B}
		{24971ABF-B3D5-4D14-B25A-C89EC2380282} = {CFE3DC13-8887-4609-B9D3-23E858A68D06}
		{8E9C9A46-E219-4827-B3D1-40572C4B6516} = {CFE3DC13-8887-4609-B9D3-23E858A68D06}
		{909C06A5-0E61-4D01-B20C-91B329D95BC4} = {CFE3DC13-8887-4609-B9D3-23E858A68D06}
		{48C16C88-87F8-4C83-80A4-2BFD9B2A7CE9} = {CFE3DC13-8887-4609-B9D3-23E858A68D06}
		{14B3FFFA-F34C-4E41-9789-9C4162125F5E} = {BBDF78E7-BAE1-4FEB-BF77-0119E4C5217F}
		{386E4799-A6EF-48F3-9F8C-90636B6DE30E} = {8D3AE76B-4913-421A-8DFE-13D278BBDC67}
		{704A4FE4-2A80-4297-966E-A147E0565B5C} = {F1E147C9-9E4A-4907-A675-2C46EA905F67}
		{F1C94989-2A15-403D-B786-2D565A8D47C2} = {F1E147C9-9E4A-4907-A675-2C46EA905F67}
		{91071BF3-CDE8-418A-9444-92DAD3E5F74F} = {F1E147C9-9E4A-4907-A675-2C46EA905F67}
		{182617F3-4B99-48FF-B84F-7C5D426EE62B} = {34A3FB50-263D-428A-961A-09F4B30F7BC9}
		{D9CC0F8A-6CED-4031-8F12-5B4D117262B6} = {F1E147C9-9E4A-4907-A675-2C46EA905F67}
		{48466478-840C-4ABF-A912-5028800C62DE} = {F1E147C9-9E4A-4907-A675-2C46EA905F67}
		{8C2823CF-C647-41AA-A2EE-CFA6BE18B2E8} = {96A92DAF-5DB1-41D0-AA4E-B721FF3A595D}
		{1C461400-B5FB-442C-BED8-1DF9F3F1D349} = {F1E147C9-9E4A-4907-A675-2C46EA905F67}
		{C3226599-7F6F-4016-8D11-96DE5CFEFA49} = {2C3317E9-AD9C-4DB3-B924-DE209DBA7A47}
		{25BC3F1F-96BC-4391-82A6-7D57A30CE939} = {2C3317E9-AD9C-4DB3-B924-DE209DBA7A47}
		{9B83C6C7-8D7D-4088-B6C8-393076DE6E5E} = {2C3317E9-AD9C-4DB3-B924-DE209DBA7A47}
		{79E5E951-E326-4BD0-8497-3C06D3155037} = {2C3317E9-AD9C-4DB3-B924-DE209DBA7A47}
		{0E9059F5-A50B-47B2-9057-C707C9E92BCE} = {34A3FB50-263D-428A-961A-09F4B30F7BC9}
		{632FFE34-8BCA-47F7-AF43-4B9C45A132D6} = {C5246646-C44F-4C54-AA4E-05485B07B068}
		{830033B8-5C6B-45C8-953E-1EEF0B8FC086} = {C5246646-C44F-4C54-AA4E-05485B07B068}
		{4DC55A0A-FE54-4DFF-9E44-529FCD08D926} = {C5246646-C44F-4C54-AA4E-05485B07B068}
		{5C8265CA-010E-45FD-BFAB-B1E9E05FC6FC} = {FE0CB943-5972-4088-BF09-E1FA3A46C21A}
		{C4C14B5B-91DF-4878-88CC-73E92D688571} = {FE0CB943-5972-4088-BF09-E1FA3A46C21A}
		{4C51581A-7CE6-473C-B5B8-A6EF6D5CDEC5} = {15424BCF-1D66-4EF4-99A9-E41C3133D0BA}
		{310B290D-592B-4D6B-90F9-CC8E1946CF3D} = {8B990D04-3A0E-40EE-8A2F-A692D7F3BBB1}
		{78CC0110-63C7-4642-A6F4-278127A6F7E9} = {8B990D04-3A0E-40EE-8A2F-A692D7F3BBB1}
		{0DE146E2-275A-41B2-BEC4-33B2611AC392} = {8B990D04-3A0E-40EE-8A2F-A692D7F3BBB1}
		{A168082B-F850-4221-AAC1-3E4D05A0FEA6} = {34A3FB50-263D-428A-961A-09F4B30F7BC9}
		{56E08C13-6A95-4D9B-8270-C004F693DD34} = {34A3FB50-263D-428A-961A-09F4B30F7BC9}
		{1CB32A1F-C2D5-4CF4-827B-ECBBF1D4BD60} = {34A3FB50-263D-428A-961A-09F4B30F7BC9}
		{AC54C2E7-F8B8-4A78-A1E7-23A872783F3A} = {34A3FB50-263D-428A-961A-09F4B30F7BC9}
		{591F63CA-F648-4EF6-A015-7D8C540C0C79} = {FE0CB943-5972-4088-BF09-E1FA3A46C21A}
		{83133F33-2EFF-4F17-8390-22082266ED10} = {FE0CB943-5972-4088-BF09-E1FA3A46C21A}
		{969A8298-13E6-4752-A3CF-956B22B981FE} = {34A3FB50-263D-428A-961A-09F4B30F7BC9}
		{17227F06-6F85-4270-9773-20F5FABD0FD7} = {C5246646-C44F-4C54-AA4E-05485B07B068}
		{E1AB8D48-080B-4002-BF1B-7A2B30669B54} = {8B990D04-3A0E-40EE-8A2F-A692D7F3BBB1}
		{86E179C1-3379-4EBE-A501-E6AC3F6FAB04} = {6E4B6F53-E3E6-48D2-AB05-65DBDAC3237D}
		{0E448B14-92F6-4DE4-A87B-3B838ACB066F} = {6E4B6F53-E3E6-48D2-AB05-65DBDAC3237D}
		{BDE6AFF8-6B25-463D-B280-30C892F3F5FB} = {6E4B6F53-E3E6-48D2-AB05-65DBDAC3237D}
		{FFBE55D8-3884-46FF-B8C5-B4DCAC0B0B2F} = {01F57B54-15A5-4B8F-AE48-14AFD7A0ADCD}
		{71049F42-3422-40F7-9DCE-1E9B69F7E549} = {6E4B6F53-E3E6-48D2-AB05-65DBDAC3237D}
		{300D6FEF-4B41-4F61-A7BC-239436235C27} = {E56C7A3F-3832-4B1B-9BF1-D1D95234BF61}
		{89BB47A3-AD88-4AC1-8330-88A61E14519F} = {E56C7A3F-3832-4B1B-9BF1-D1D95234BF61}
		{C84B5662-7089-45F5-974D-A8383BE40C4C} = {E56C7A3F-3832-4B1B-9BF1-D1D95234BF61}
		{0F0244E4-6053-4CE1-88F5-9AEAB8963E18} = {E56C7A3F-3832-4B1B-9BF1-D1D95234BF61}
		{76E51D77-6A33-4651-A507-65260907839F} = {1D0F9357-A542-4136-86C8-8AC0A28658F8}
	EndGlobalSection
	GlobalSection(ExtensibilityGlobals) = postSolution
		SolutionGuid = {92EEEFB5-4A64-4C14-9E36-0CE192FF679A}
	EndGlobalSection
EndGlobal
